// !$*UTF8*$!
{
	archiveVersion = 1;
	classes = {
	};
	objectVersion = 48;
	objects = {

/* Begin PBXBuildFile section */
		40215213205C4B1A0062D58C /* AppDelegate.m in Sources */ = {isa = PBXBuildFile; fileRef = 40215212205C4B1A0062D58C /* AppDelegate.m */; };
		4021521B205C4B1A0062D58C /* Assets.xcassets in Resources */ = {isa = PBXBuildFile; fileRef = 4021521A205C4B1A0062D58C /* Assets.xcassets */; };
		4021521E205C4B1A0062D58C /* LaunchScreen.storyboard in Resources */ = {isa = PBXBuildFile; fileRef = 4021521C205C4B1A0062D58C /* LaunchScreen.storyboard */; };
		40215221205C4B1A0062D58C /* main.m in Sources */ = {isa = PBXBuildFile; fileRef = 40215220205C4B1A0062D58C /* main.m */; };
		40215229205C4BA40062D58C /* LoginViewController.m in Sources */ = {isa = PBXBuildFile; fileRef = 40215228205C4BA40062D58C /* LoginViewController.m */; };
		74EE0CA02442EDF9D06544EC /* Pods_MDC_Codelab_2018.framework in Frameworks */ = {isa = PBXBuildFile; fileRef = F779E7ABB3C4EE9C1348FA12 /* Pods_MDC_Codelab_2018.framework */; };
/* End PBXBuildFile section */

/* Begin PBXFileReference section */
		1C0578EADACE28B75166BC2D /* Pods-MDC-Codelab-2018.release.xcconfig */ = {isa = PBXFileReference; includeInIndex = 1; lastKnownFileType = text.xcconfig; name = "Pods-MDC-Codelab-2018.release.xcconfig"; path = "Pods/Target Support Files/Pods-MDC-Codelab-2018/Pods-MDC-Codelab-2018.release.xcconfig"; sourceTree = "<group>"; };
		4021520E205C4B1A0062D58C /* MDC-Codelab-2018.app */ = {isa = PBXFileReference; explicitFileType = wrapper.application; includeInIndex = 0; path = "MDC-Codelab-2018.app"; sourceTree = BUILT_PRODUCTS_DIR; };
		40215211205C4B1A0062D58C /* AppDelegate.h */ = {isa = PBXFileReference; lastKnownFileType = sourcecode.c.h; path = AppDelegate.h; sourceTree = "<group>"; };
		40215212205C4B1A0062D58C /* AppDelegate.m */ = {isa = PBXFileReference; lastKnownFileType = sourcecode.c.objc; path = AppDelegate.m; sourceTree = "<group>"; };
		4021521A205C4B1A0062D58C /* Assets.xcassets */ = {isa = PBXFileReference; lastKnownFileType = folder.assetcatalog; path = Assets.xcassets; sourceTree = "<group>"; };
		4021521D205C4B1A0062D58C /* Base */ = {isa = PBXFileReference; lastKnownFileType = file.storyboard; name = Base; path = Base.lproj/LaunchScreen.storyboard; sourceTree = "<group>"; };
		4021521F205C4B1A0062D58C /* Info.plist */ = {isa = PBXFileReference; lastKnownFileType = text.plist.xml; path = Info.plist; sourceTree = "<group>"; };
		40215220205C4B1A0062D58C /* main.m */ = {isa = PBXFileReference; lastKnownFileType = sourcecode.c.objc; path = main.m; sourceTree = "<group>"; };
		40215227205C4BA40062D58C /* LoginViewController.h */ = {isa = PBXFileReference; lastKnownFileType = sourcecode.c.h; path = LoginViewController.h; sourceTree = "<group>"; };
		40215228205C4BA40062D58C /* LoginViewController.m */ = {isa = PBXFileReference; lastKnownFileType = sourcecode.c.objc; path = LoginViewController.m; sourceTree = "<group>"; };
		A6C83312B51DD8D599B497E9 /* Pods-MDC-Codelab-2018.debug.xcconfig */ = {isa = PBXFileReference; includeInIndex = 1; lastKnownFileType = text.xcconfig; name = "Pods-MDC-Codelab-2018.debug.xcconfig"; path = "Pods/Target Support Files/Pods-MDC-Codelab-2018/Pods-MDC-Codelab-2018.debug.xcconfig"; sourceTree = "<group>"; };
		F779E7ABB3C4EE9C1348FA12 /* Pods_MDC_Codelab_2018.framework */ = {isa = PBXFileReference; explicitFileType = wrapper.framework; includeInIndex = 0; path = Pods_MDC_Codelab_2018.framework; sourceTree = BUILT_PRODUCTS_DIR; };
/* End PBXFileReference section */

/* Begin PBXFrameworksBuildPhase section */
		4021520B205C4B1A0062D58C /* Frameworks */ = {
			isa = PBXFrameworksBuildPhase;
			buildActionMask = 2147483647;
			files = (
				74EE0CA02442EDF9D06544EC /* Pods_MDC_Codelab_2018.framework in Frameworks */,
			);
			runOnlyForDeploymentPostprocessing = 0;
		};
/* End PBXFrameworksBuildPhase section */

/* Begin PBXGroup section */
		40215205205C4B1A0062D58C = {
			isa = PBXGroup;
			children = (
				40215210205C4B1A0062D58C /* MDC-Codelab-2018 */,
				4021520F205C4B1A0062D58C /* Products */,
				ED03934B296B33D1D3A9B819 /* Pods */,
				557A1D0E9A5FA7D8339D4D2D /* Frameworks */,
			);
			sourceTree = "<group>";
		};
		4021520F205C4B1A0062D58C /* Products */ = {
			isa = PBXGroup;
			children = (
				4021520E205C4B1A0062D58C /* MDC-Codelab-2018.app */,
			);
			name = Products;
			sourceTree = "<group>";
		};
		40215210205C4B1A0062D58C /* MDC-Codelab-2018 */ = {
			isa = PBXGroup;
			children = (
				40215211205C4B1A0062D58C /* AppDelegate.h */,
				40215212205C4B1A0062D58C /* AppDelegate.m */,
				40215227205C4BA40062D58C /* LoginViewController.h */,
				40215228205C4BA40062D58C /* LoginViewController.m */,
				4021521A205C4B1A0062D58C /* Assets.xcassets */,
				4021521C205C4B1A0062D58C /* LaunchScreen.storyboard */,
				4021521F205C4B1A0062D58C /* Info.plist */,
				40215220205C4B1A0062D58C /* main.m */,
			);
			path = "MDC-Codelab-2018";
			sourceTree = "<group>";
		};
		557A1D0E9A5FA7D8339D4D2D /* Frameworks */ = {
			isa = PBXGroup;
			children = (
				F779E7ABB3C4EE9C1348FA12 /* Pods_MDC_Codelab_2018.framework */,
			);
			name = Frameworks;
			sourceTree = "<group>";
		};
		ED03934B296B33D1D3A9B819 /* Pods */ = {
			isa = PBXGroup;
			children = (
				A6C83312B51DD8D599B497E9 /* Pods-MDC-Codelab-2018.debug.xcconfig */,
				1C0578EADACE28B75166BC2D /* Pods-MDC-Codelab-2018.release.xcconfig */,
			);
			name = Pods;
			sourceTree = "<group>";
		};
/* End PBXGroup section */

/* Begin PBXNativeTarget section */
		4021520D205C4B1A0062D58C /* MDC-Codelab-2018 */ = {
			isa = PBXNativeTarget;
			buildConfigurationList = 40215224205C4B1A0062D58C /* Build configuration list for PBXNativeTarget "MDC-Codelab-2018" */;
			buildPhases = (
				0F27045878437343AF465482 /* [CP] Check Pods Manifest.lock */,
				4021520A205C4B1A0062D58C /* Sources */,
				4021520B205C4B1A0062D58C /* Frameworks */,
				4021520C205C4B1A0062D58C /* Resources */,
				1F050023AFDDB72158815374 /* [CP] Embed Pods Frameworks */,
				5384B4930C29F8A56F32C090 /* [CP] Copy Pods Resources */,
			);
			buildRules = (
			);
			dependencies = (
			);
			name = "MDC-Codelab-2018";
			productName = "MDC-Codelab-2018";
			productReference = 4021520E205C4B1A0062D58C /* MDC-Codelab-2018.app */;
			productType = "com.apple.product-type.application";
		};
/* End PBXNativeTarget section */

/* Begin PBXProject section */
		40215206205C4B1A0062D58C /* Project object */ = {
			isa = PBXProject;
			attributes = {
				LastUpgradeCheck = 0920;
				ORGANIZATIONNAME = Google;
				TargetAttributes = {
					4021520D205C4B1A0062D58C = {
						CreatedOnToolsVersion = 9.2;
						ProvisioningStyle = Manual;
					};
				};
			};
			buildConfigurationList = 40215209205C4B1A0062D58C /* Build configuration list for PBXProject "MDC-Codelab-2018" */;
			compatibilityVersion = "Xcode 8.0";
			developmentRegion = en;
			hasScannedForEncodings = 0;
			knownRegions = (
				en,
				Base,
			);
			mainGroup = 40215205205C4B1A0062D58C;
			productRefGroup = 4021520F205C4B1A0062D58C /* Products */;
			projectDirPath = "";
			projectRoot = "";
			targets = (
				4021520D205C4B1A0062D58C /* MDC-Codelab-2018 */,
			);
		};
/* End PBXProject section */

/* Begin PBXResourcesBuildPhase section */
		4021520C205C4B1A0062D58C /* Resources */ = {
			isa = PBXResourcesBuildPhase;
			buildActionMask = 2147483647;
			files = (
				4021521E205C4B1A0062D58C /* LaunchScreen.storyboard in Resources */,
				4021521B205C4B1A0062D58C /* Assets.xcassets in Resources */,
			);
			runOnlyForDeploymentPostprocessing = 0;
		};
/* End PBXResourcesBuildPhase section */

/* Begin PBXShellScriptBuildPhase section */
		0F27045878437343AF465482 /* [CP] Check Pods Manifest.lock */ = {
			isa = PBXShellScriptBuildPhase;
			buildActionMask = 2147483647;
			files = (
			);
			inputPaths = (
				"${PODS_PODFILE_DIR_PATH}/Podfile.lock",
				"${PODS_ROOT}/Manifest.lock",
			);
			name = "[CP] Check Pods Manifest.lock";
			outputPaths = (
				"$(DERIVED_FILE_DIR)/Pods-MDC-Codelab-2018-checkManifestLockResult.txt",
			);
			runOnlyForDeploymentPostprocessing = 0;
			shellPath = /bin/sh;
			shellScript = "diff \"${PODS_PODFILE_DIR_PATH}/Podfile.lock\" \"${PODS_ROOT}/Manifest.lock\" > /dev/null\nif [ $? != 0 ] ; then\n    # print error to STDERR\n    echo \"error: The sandbox is not in sync with the Podfile.lock. Run 'pod install' or update your CocoaPods installation.\" >&2\n    exit 1\nfi\n# This output is used by Xcode 'outputs' to avoid re-running this script phase.\necho \"SUCCESS\" > \"${SCRIPT_OUTPUT_FILE_0}\"\n";
			showEnvVarsInLog = 0;
		};
		1F050023AFDDB72158815374 /* [CP] Embed Pods Frameworks */ = {
			isa = PBXShellScriptBuildPhase;
			buildActionMask = 2147483647;
			files = (
			);
			inputPaths = (
				"${SRCROOT}/Pods/Target Support Files/Pods-MDC-Codelab-2018/Pods-MDC-Codelab-2018-frameworks.sh",
				"${BUILT_PRODUCTS_DIR}/MDFInternationalization/MDFInternationalization.framework",
				"${BUILT_PRODUCTS_DIR}/MDFTextAccessibility/MDFTextAccessibility.framework",
				"${BUILT_PRODUCTS_DIR}/MaterialComponents/MaterialComponents.framework",
				"${BUILT_PRODUCTS_DIR}/MotionAnimator/MotionAnimator.framework",
				"${BUILT_PRODUCTS_DIR}/MotionInterchange/MotionInterchange.framework",
				"${BUILT_PRODUCTS_DIR}/MotionTransitioning/MotionTransitioning.framework",
			);
			name = "[CP] Embed Pods Frameworks";
			outputPaths = (
				"${TARGET_BUILD_DIR}/${FRAMEWORKS_FOLDER_PATH}/MDFInternationalization.framework",
				"${TARGET_BUILD_DIR}/${FRAMEWORKS_FOLDER_PATH}/MDFTextAccessibility.framework",
				"${TARGET_BUILD_DIR}/${FRAMEWORKS_FOLDER_PATH}/MaterialComponents.framework",
				"${TARGET_BUILD_DIR}/${FRAMEWORKS_FOLDER_PATH}/MotionAnimator.framework",
				"${TARGET_BUILD_DIR}/${FRAMEWORKS_FOLDER_PATH}/MotionInterchange.framework",
				"${TARGET_BUILD_DIR}/${FRAMEWORKS_FOLDER_PATH}/MotionTransitioning.framework",
			);
			runOnlyForDeploymentPostprocessing = 0;
			shellPath = /bin/sh;
			shellScript = "\"${SRCROOT}/Pods/Target Support Files/Pods-MDC-Codelab-2018/Pods-MDC-Codelab-2018-frameworks.sh\"\n";
			showEnvVarsInLog = 0;
		};
		5384B4930C29F8A56F32C090 /* [CP] Copy Pods Resources */ = {
			isa = PBXShellScriptBuildPhase;
			buildActionMask = 2147483647;
			files = (
			);
			inputPaths = (
			);
			name = "[CP] Copy Pods Resources";
			outputPaths = (
			);
			runOnlyForDeploymentPostprocessing = 0;
			shellPath = /bin/sh;
			shellScript = "\"${SRCROOT}/Pods/Target Support Files/Pods-MDC-Codelab-2018/Pods-MDC-Codelab-2018-resources.sh\"\n";
			showEnvVarsInLog = 0;
		};
/* End PBXShellScriptBuildPhase section */

/* Begin PBXSourcesBuildPhase section */
		4021520A205C4B1A0062D58C /* Sources */ = {
			isa = PBXSourcesBuildPhase;
			buildActionMask = 2147483647;
			files = (
				40215229205C4BA40062D58C /* LoginViewController.m in Sources */,
				40215221205C4B1A0062D58C /* main.m in Sources */,
				40215213205C4B1A0062D58C /* AppDelegate.m in Sources */,
			);
			runOnlyForDeploymentPostprocessing = 0;
		};
/* End PBXSourcesBuildPhase section */

/* Begin PBXVariantGroup section */
		4021521C205C4B1A0062D58C /* LaunchScreen.storyboard */ = {
			isa = PBXVariantGroup;
			children = (
				4021521D205C4B1A0062D58C /* Base */,
			);
			name = LaunchScreen.storyboard;
			sourceTree = "<group>";
		};
/* End PBXVariantGroup section */

/* Begin XCBuildConfiguration section */
		40215222205C4B1A0062D58C /* Debug */ = {
			isa = XCBuildConfiguration;
			buildSettings = {
				ALWAYS_SEARCH_USER_PATHS = NO;
				CLANG_ANALYZER_NONNULL = YES;
				CLANG_ANALYZER_NUMBER_OBJECT_CONVERSION = YES_AGGRESSIVE;
				CLANG_CXX_LANGUAGE_STANDARD = "gnu++14";
				CLANG_CXX_LIBRARY = "libc++";
				CLANG_ENABLE_MODULES = YES;
				CLANG_ENABLE_OBJC_ARC = YES;
				CLANG_WARN_BLOCK_CAPTURE_AUTORELEASING = YES;
				CLANG_WARN_BOOL_CONVERSION = YES;
				CLANG_WARN_COMMA = YES;
				CLANG_WARN_CONSTANT_CONVERSION = YES;
				CLANG_WARN_DIRECT_OBJC_ISA_USAGE = YES_ERROR;
				CLANG_WARN_DOCUMENTATION_COMMENTS = YES;
				CLANG_WARN_EMPTY_BODY = YES;
				CLANG_WARN_ENUM_CONVERSION = YES;
				CLANG_WARN_INFINITE_RECURSION = YES;
				CLANG_WARN_INT_CONVERSION = YES;
				CLANG_WARN_NON_LITERAL_NULL_CONVERSION = YES;
				CLANG_WARN_OBJC_LITERAL_CONVERSION = YES;
				CLANG_WARN_OBJC_ROOT_CLASS = YES_ERROR;
				CLANG_WARN_RANGE_LOOP_ANALYSIS = YES;
				CLANG_WARN_STRICT_PROTOTYPES = YES;
				CLANG_WARN_SUSPICIOUS_MOVE = YES;
				CLANG_WARN_UNGUARDED_AVAILABILITY = YES_AGGRESSIVE;
				CLANG_WARN_UNREACHABLE_CODE = YES;
				CLANG_WARN__DUPLICATE_METHOD_MATCH = YES;
				CODE_SIGN_IDENTITY = "iPhone Developer";
				COPY_PHASE_STRIP = NO;
				DEBUG_INFORMATION_FORMAT = dwarf;
				ENABLE_STRICT_OBJC_MSGSEND = YES;
				ENABLE_TESTABILITY = YES;
				GCC_C_LANGUAGE_STANDARD = gnu11;
				GCC_DYNAMIC_NO_PIC = NO;
				GCC_NO_COMMON_BLOCKS = YES;
				GCC_OPTIMIZATION_LEVEL = 0;
				GCC_PREPROCESSOR_DEFINITIONS = (
					"DEBUG=1",
					"$(inherited)",
				);
				GCC_WARN_64_TO_32_BIT_CONVERSION = YES;
				GCC_WARN_ABOUT_RETURN_TYPE = YES_ERROR;
				GCC_WARN_UNDECLARED_SELECTOR = YES;
				GCC_WARN_UNINITIALIZED_AUTOS = YES_AGGRESSIVE;
				GCC_WARN_UNUSED_FUNCTION = YES;
				GCC_WARN_UNUSED_VARIABLE = YES;
				IPHONEOS_DEPLOYMENT_TARGET = 11.2;
				MTL_ENABLE_DEBUG_INFO = YES;
				ONLY_ACTIVE_ARCH = YES;
				SDKROOT = iphoneos;
			};
			name = Debug;
		};
		40215223205C4B1A0062D58C /* Release */ = {
			isa = XCBuildConfiguration;
			buildSettings = {
				ALWAYS_SEARCH_USER_PATHS = NO;
				CLANG_ANALYZER_NONNULL = YES;
				CLANG_ANALYZER_NUMBER_OBJECT_CONVERSION = YES_AGGRESSIVE;
				CLANG_CXX_LANGUAGE_STANDARD = "gnu++14";
				CLANG_CXX_LIBRARY = "libc++";
				CLANG_ENABLE_MODULES = YES;
				CLANG_ENABLE_OBJC_ARC = YES;
				CLANG_WARN_BLOCK_CAPTURE_AUTORELEASING = YES;
				CLANG_WARN_BOOL_CONVERSION = YES;
				CLANG_WARN_COMMA = YES;
				CLANG_WARN_CONSTANT_CONVERSION = YES;
				CLANG_WARN_DIRECT_OBJC_ISA_USAGE = YES_ERROR;
				CLANG_WARN_DOCUMENTATION_COMMENTS = YES;
				CLANG_WARN_EMPTY_BODY = YES;
				CLANG_WARN_ENUM_CONVERSION = YES;
				CLANG_WARN_INFINITE_RECURSION = YES;
				CLANG_WARN_INT_CONVERSION = YES;
				CLANG_WARN_NON_LITERAL_NULL_CONVERSION = YES;
				CLANG_WARN_OBJC_LITERAL_CONVERSION = YES;
				CLANG_WARN_OBJC_ROOT_CLASS = YES_ERROR;
				CLANG_WARN_RANGE_LOOP_ANALYSIS = YES;
				CLANG_WARN_STRICT_PROTOTYPES = YES;
				CLANG_WARN_SUSPICIOUS_MOVE = YES;
				CLANG_WARN_UNGUARDED_AVAILABILITY = YES_AGGRESSIVE;
				CLANG_WARN_UNREACHABLE_CODE = YES;
				CLANG_WARN__DUPLICATE_METHOD_MATCH = YES;
				CODE_SIGN_IDENTITY = "iPhone Developer";
				COPY_PHASE_STRIP = NO;
				DEBUG_INFORMATION_FORMAT = "dwarf-with-dsym";
				ENABLE_NS_ASSERTIONS = NO;
				ENABLE_STRICT_OBJC_MSGSEND = YES;
				GCC_C_LANGUAGE_STANDARD = gnu11;
				GCC_NO_COMMON_BLOCKS = YES;
				GCC_WARN_64_TO_32_BIT_CONVERSION = YES;
				GCC_WARN_ABOUT_RETURN_TYPE = YES_ERROR;
				GCC_WARN_UNDECLARED_SELECTOR = YES;
				GCC_WARN_UNINITIALIZED_AUTOS = YES_AGGRESSIVE;
				GCC_WARN_UNUSED_FUNCTION = YES;
				GCC_WARN_UNUSED_VARIABLE = YES;
				IPHONEOS_DEPLOYMENT_TARGET = 11.2;
				MTL_ENABLE_DEBUG_INFO = NO;
				SDKROOT = iphoneos;
				VALIDATE_PRODUCT = YES;
			};
			name = Release;
		};
		40215225205C4B1A0062D58C /* Debug */ = {
			isa = XCBuildConfiguration;
			baseConfigurationReference = A6C83312B51DD8D599B497E9 /* Pods-MDC-Codelab-2018.debug.xcconfig */;
			buildSettings = {
				ASSETCATALOG_COMPILER_APPICON_NAME = AppIcon;
				CODE_SIGN_STYLE = Manual;
				DEVELOPMENT_TEAM = EQHXZ8M8AV;
				INFOPLIST_FILE = "MDC-Codelab-2018/Info.plist";
				LD_RUNPATH_SEARCH_PATHS = "$(inherited) @executable_path/Frameworks";
				PRODUCT_BUNDLE_IDENTIFIER = "com.google.MDC-Codelab-2018";
				PRODUCT_NAME = "$(TARGET_NAME)";
				PROVISIONING_PROFILE = "ababcf4f-b7fa-4e93-ab24-7ea27469d950";
				PROVISIONING_PROFILE_SPECIFIER = "Google Development";
				TARGETED_DEVICE_FAMILY = "1,2";
			};
			name = Debug;
		};
		40215226205C4B1A0062D58C /* Release */ = {
			isa = XCBuildConfiguration;
			baseConfigurationReference = 1C0578EADACE28B75166BC2D /* Pods-MDC-Codelab-2018.release.xcconfig */;
			buildSettings = {
				ASSETCATALOG_COMPILER_APPICON_NAME = AppIcon;
				CODE_SIGN_STYLE = Manual;
				DEVELOPMENT_TEAM = EQHXZ8M8AV;
				INFOPLIST_FILE = "MDC-Codelab-2018/Info.plist";
				LD_RUNPATH_SEARCH_PATHS = "$(inherited) @executable_path/Frameworks";
				PRODUCT_BUNDLE_IDENTIFIER = "com.google.MDC-Codelab-2018";
				PRODUCT_NAME = "$(TARGET_NAME)";
				PROVISIONING_PROFILE = "ababcf4f-b7fa-4e93-ab24-7ea27469d950";
				PROVISIONING_PROFILE_SPECIFIER = "Google Development";
				TARGETED_DEVICE_FAMILY = "1,2";
			};
			name = Release;
		};
/* End XCBuildConfiguration section */

/* Begin XCConfigurationList section */
		40215209205C4B1A0062D58C /* Build configuration list for PBXProject "MDC-Codelab-2018" */ = {
			isa = XCConfigurationList;
			buildConfigurations = (
				40215222205C4B1A0062D58C /* Debug */,
				40215223205C4B1A0062D58C /* Release */,
			);
			defaultConfigurationIsVisible = 0;
			defaultConfigurationName = Release;
		};
		40215224205C4B1A0062D58C /* Build configuration list for PBXNativeTarget "MDC-Codelab-2018" */ = {
			isa = XCConfigurationList;
			buildConfigurations = (
				40215225205C4B1A0062D58C /* Debug */,
				40215226205C4B1A0062D58C /* Release */,
			);
			defaultConfigurationIsVisible = 0;
			defaultConfigurationName = Release;
		};
/* End XCConfigurationList section */
	};
	rootObject = 40215206205C4B1A0062D58C /* Project object */;
}
