// !$*UTF8*$!
{
	archiveVersion = 1;
	classes = {
	};
	objectVersion = 48;
	objects = {

/* Begin PBXBuildFile section */
		400CAD3E205C990900DC981A /* AppDelegate.swift in Sources */ = {isa = PBXBuildFile; fileRef = 400CAD3D205C990900DC981A /* AppDelegate.swift */; };
		400CAD45205C990900DC981A /* Assets.xcassets in Resources */ = {isa = PBXBuildFile; fileRef = 400CAD44205C990900DC981A /* Assets.xcassets */; };
		400CAD48205C990900DC981A /* LaunchScreen.storyboard in Resources */ = {isa = PBXBuildFile; fileRef = 400CAD46205C990900DC981A /* LaunchScreen.storyboard */; };
		400CAD50205C992F00DC981A /* LoginViewController.swift in Sources */ = {isa = PBXBuildFile; fileRef = 400CAD4F205C992F00DC981A /* LoginViewController.swift */; };
		407540412087E32200783900 /* HomeViewController.swift in Sources */ = {isa = PBXBuildFile; fileRef = 407540402087E32200783900 /* HomeViewController.swift */; };
		407540432087E3B200783900 /* Main.storyboard in Resources */ = {isa = PBXBuildFile; fileRef = 407540422087E3B200783900 /* Main.storyboard */; };
		5405F893208A3E7988638CA1 /* Pods_Shrine.framework in Frameworks */ = {isa = PBXBuildFile; fileRef = BE372C1AAE9F6FBB63638824 /* Pods_Shrine.framework */; };
/* End PBXBuildFile section */

/* Begin PBXFileReference section */
		21692A69FA19E55E609FEE4B /* Pods-Shrine.release.xcconfig */ = {isa = PBXFileReference; includeInIndex = 1; lastKnownFileType = text.xcconfig; name = "Pods-Shrine.release.xcconfig"; path = "Pods/Target Support Files/Pods-Shrine/Pods-Shrine.release.xcconfig"; sourceTree = "<group>"; };
		400CAD3A205C990900DC981A /* Shrine.app */ = {isa = PBXFileReference; explicitFileType = wrapper.application; includeInIndex = 0; path = Shrine.app; sourceTree = BUILT_PRODUCTS_DIR; };
		400CAD3D205C990900DC981A /* AppDelegate.swift */ = {isa = PBXFileReference; lastKnownFileType = sourcecode.swift; path = AppDelegate.swift; sourceTree = "<group>"; };
		400CAD44205C990900DC981A /* Assets.xcassets */ = {isa = PBXFileReference; lastKnownFileType = folder.assetcatalog; path = Assets.xcassets; sourceTree = "<group>"; };
		400CAD47205C990900DC981A /* Base */ = {isa = PBXFileReference; lastKnownFileType = file.storyboard; name = Base; path = Base.lproj/LaunchScreen.storyboard; sourceTree = "<group>"; };
		400CAD49205C990900DC981A /* Info.plist */ = {isa = PBXFileReference; lastKnownFileType = text.plist.xml; path = Info.plist; sourceTree = "<group>"; };
		400CAD4F205C992F00DC981A /* LoginViewController.swift */ = {isa = PBXFileReference; lastKnownFileType = sourcecode.swift; path = LoginViewController.swift; sourceTree = "<group>"; };
		407540402087E32200783900 /* HomeViewController.swift */ = {isa = PBXFileReference; lastKnownFileType = sourcecode.swift; path = HomeViewController.swift; sourceTree = "<group>"; };
		407540422087E3B200783900 /* Main.storyboard */ = {isa = PBXFileReference; lastKnownFileType = file.storyboard; path = Main.storyboard; sourceTree = "<group>"; };
		A0777E7B612A6D9D46AC5BBB /* Pods-Shrine.debug.xcconfig */ = {isa = PBXFileReference; includeInIndex = 1; lastKnownFileType = text.xcconfig; name = "Pods-Shrine.debug.xcconfig"; path = "Pods/Target Support Files/Pods-Shrine/Pods-Shrine.debug.xcconfig"; sourceTree = "<group>"; };
		BE372C1AAE9F6FBB63638824 /* Pods_Shrine.framework */ = {isa = PBXFileReference; explicitFileType = wrapper.framework; includeInIndex = 0; path = Pods_Shrine.framework; sourceTree = BUILT_PRODUCTS_DIR; };
/* End PBXFileReference section */

/* Begin PBXFrameworksBuildPhase section */
		400CAD37205C990900DC981A /* Frameworks */ = {
			isa = PBXFrameworksBuildPhase;
			buildActionMask = 2147483647;
			files = (
				5405F893208A3E7988638CA1 /* Pods_Shrine.framework in Frameworks */,
			);
			runOnlyForDeploymentPostprocessing = 0;
		};
/* End PBXFrameworksBuildPhase section */

/* Begin PBXGroup section */
		400CAD31205C990900DC981A = {
			isa = PBXGroup;
			children = (
				400CAD3C205C990900DC981A /* Shrine */,
				400CAD3B205C990900DC981A /* Products */,
				FB79998F86AC0D0640D1E253 /* Pods */,
				85D8E2AA40B2BF434CEFBF30 /* Frameworks */,
			);
			sourceTree = "<group>";
		};
		400CAD3B205C990900DC981A /* Products */ = {
			isa = PBXGroup;
			children = (
				400CAD3A205C990900DC981A /* Shrine.app */,
			);
			name = Products;
			sourceTree = "<group>";
		};
		400CAD3C205C990900DC981A /* Shrine */ = {
			isa = PBXGroup;
			children = (
				400CAD3D205C990900DC981A /* AppDelegate.swift */,
				407540402087E32200783900 /* HomeViewController.swift */,
				400CAD4F205C992F00DC981A /* LoginViewController.swift */,
				407540422087E3B200783900 /* Main.storyboard */,
				400CAD44205C990900DC981A /* Assets.xcassets */,
				400CAD46205C990900DC981A /* LaunchScreen.storyboard */,
				400CAD49205C990900DC981A /* Info.plist */,
			);
			path = Shrine;
			sourceTree = "<group>";
		};
		85D8E2AA40B2BF434CEFBF30 /* Frameworks */ = {
			isa = PBXGroup;
			children = (
				BE372C1AAE9F6FBB63638824 /* Pods_Shrine.framework */,
			);
			name = Frameworks;
			sourceTree = "<group>";
		};
		FB79998F86AC0D0640D1E253 /* Pods */ = {
			isa = PBXGroup;
			children = (
				A0777E7B612A6D9D46AC5BBB /* Pods-Shrine.debug.xcconfig */,
				21692A69FA19E55E609FEE4B /* Pods-Shrine.release.xcconfig */,
			);
			name = Pods;
			sourceTree = "<group>";
		};
/* End PBXGroup section */

/* Begin PBXNativeTarget section */
		400CAD39205C990900DC981A /* Shrine */ = {
			isa = PBXNativeTarget;
			buildConfigurationList = 400CAD4C205C990900DC981A /* Build configuration list for PBXNativeTarget "Shrine" */;
			buildPhases = (
				477932B13986BAECAB6D63A8 /* [CP] Check Pods Manifest.lock */,
				400CAD36205C990900DC981A /* Sources */,
				400CAD37205C990900DC981A /* Frameworks */,
				400CAD38205C990900DC981A /* Resources */,
				94A12DD0039F81C1C20C03A5 /* [CP] Embed Pods Frameworks */,
			);
			buildRules = (
			);
			dependencies = (
			);
			name = Shrine;
			productName = Shrine;
			productReference = 400CAD3A205C990900DC981A /* Shrine.app */;
			productType = "com.apple.product-type.application";
		};
/* End PBXNativeTarget section */

/* Begin PBXProject section */
		400CAD32205C990900DC981A /* Project object */ = {
			isa = PBXProject;
			attributes = {
				LastSwiftUpdateCheck = 0920;
				LastUpgradeCheck = 0920;
				ORGANIZATIONNAME = Google;
				TargetAttributes = {
					400CAD39205C990900DC981A = {
						CreatedOnToolsVersion = 9.2;
						ProvisioningStyle = Automatic;
					};
				};
			};
			buildConfigurationList = 400CAD35205C990900DC981A /* Build configuration list for PBXProject "Shrine" */;
			compatibilityVersion = "Xcode 8.0";
			developmentRegion = en;
			hasScannedForEncodings = 0;
			knownRegions = (
				en,
				Base,
			);
			mainGroup = 400CAD31205C990900DC981A;
			productRefGroup = 400CAD3B205C990900DC981A /* Products */;
			projectDirPath = "";
			projectRoot = "";
			targets = (
				400CAD39205C990900DC981A /* Shrine */,
			);
		};
/* End PBXProject section */

/* Begin PBXResourcesBuildPhase section */
		400CAD38205C990900DC981A /* Resources */ = {
			isa = PBXResourcesBuildPhase;
			buildActionMask = 2147483647;
			files = (
				407540432087E3B200783900 /* Main.storyboard in Resources */,
				400CAD48205C990900DC981A /* LaunchScreen.storyboard in Resources */,
				400CAD45205C990900DC981A /* Assets.xcassets in Resources */,
			);
			runOnlyForDeploymentPostprocessing = 0;
		};
/* End PBXResourcesBuildPhase section */

/* Begin PBXShellScriptBuildPhase section */
		477932B13986BAECAB6D63A8 /* [CP] Check Pods Manifest.lock */ = {
			isa = PBXShellScriptBuildPhase;
			buildActionMask = 2147483647;
			files = (
			);
			inputPaths = (
				"${PODS_PODFILE_DIR_PATH}/Podfile.lock",
				"${PODS_ROOT}/Manifest.lock",
			);
			name = "[CP] Check Pods Manifest.lock";
			outputPaths = (
				"$(DERIVED_FILE_DIR)/Pods-Shrine-checkManifestLockResult.txt",
			);
			runOnlyForDeploymentPostprocessing = 0;
			shellPath = /bin/sh;
			shellScript = "diff \"${PODS_PODFILE_DIR_PATH}/Podfile.lock\" \"${PODS_ROOT}/Manifest.lock\" > /dev/null\nif [ $? != 0 ] ; then\n    # print error to STDERR\n    echo \"error: The sandbox is not in sync with the Podfile.lock. Run 'pod install' or update your CocoaPods installation.\" >&2\n    exit 1\nfi\n# This output is used by Xcode 'outputs' to avoid re-running this script phase.\necho \"SUCCESS\" > \"${SCRIPT_OUTPUT_FILE_0}\"\n";
			showEnvVarsInLog = 0;
		};
		94A12DD0039F81C1C20C03A5 /* [CP] Embed Pods Frameworks */ = {
			isa = PBXShellScriptBuildPhase;
			buildActionMask = 2147483647;
			files = (
			);
			inputPaths = (
				"${PODS_ROOT}/Target Support Files/Pods-Shrine/Pods-Shrine-frameworks.sh",
				"${BUILT_PRODUCTS_DIR}/MDFInternationalization/MDFInternationalization.framework",
				"${BUILT_PRODUCTS_DIR}/MDFTextAccessibility/MDFTextAccessibility.framework",
				"${BUILT_PRODUCTS_DIR}/MaterialComponents/MaterialComponents.framework",
				"${BUILT_PRODUCTS_DIR}/MotionAnimator/MotionAnimator.framework",
				"${BUILT_PRODUCTS_DIR}/MotionInterchange/MotionInterchange.framework",
				"${BUILT_PRODUCTS_DIR}/MotionTransitioning/MotionTransitioning.framework",
			);
			name = "[CP] Embed Pods Frameworks";
			outputPaths = (
				"${TARGET_BUILD_DIR}/${FRAMEWORKS_FOLDER_PATH}/MDFInternationalization.framework",
				"${TARGET_BUILD_DIR}/${FRAMEWORKS_FOLDER_PATH}/MDFTextAccessibility.framework",
				"${TARGET_BUILD_DIR}/${FRAMEWORKS_FOLDER_PATH}/MaterialComponents.framework",
				"${TARGET_BUILD_DIR}/${FRAMEWORKS_FOLDER_PATH}/MotionAnimator.framework",
				"${TARGET_BUILD_DIR}/${FRAMEWORKS_FOLDER_PATH}/MotionInterchange.framework",
				"${TARGET_BUILD_DIR}/${FRAMEWORKS_FOLDER_PATH}/MotionTransitioning.framework",
			);
			runOnlyForDeploymentPostprocessing = 0;
			shellPath = /bin/sh;
			shellScript = "\"${PODS_ROOT}/Target Support Files/Pods-Shrine/Pods-Shrine-frameworks.sh\"\n";
			showEnvVarsInLog = 0;
		};
/* End PBXShellScriptBuildPhase section */

/* Begin PBXSourcesBuildPhase section */
		400CAD36205C990900DC981A /* Sources */ = {
			isa = PBXSourcesBuildPhase;
			buildActionMask = 2147483647;
			files = (
				400CAD50205C992F00DC981A /* LoginViewController.swift in Sources */,
				400CAD3E205C990900DC981A /* AppDelegate.swift in Sources */,
				407540412087E32200783900 /* HomeViewController.swift in Sources */,
			);
			runOnlyForDeploymentPostprocessing = 0;
		};
/* End PBXSourcesBuildPhase section */

/* Begin PBXVariantGroup section */
		400CAD46205C990900DC981A /* LaunchScreen.storyboard */ = {
			isa = PBXVariantGroup;
			children = (
				400CAD47205C990900DC981A /* Base */,
			);
			name = LaunchScreen.storyboard;
			sourceTree = "<group>";
		};
/* End PBXVariantGroup section */

/* Begin XCBuildConfiguration section */
		400CAD4A205C990900DC981A /* Debug */ = {
			isa = XCBuildConfiguration;
			buildSettings = {
				ALWAYS_SEARCH_USER_PATHS = NO;
				CLANG_ANALYZER_NONNULL = YES;
				CLANG_ANALYZER_NUMBER_OBJECT_CONVERSION = YES_AGGRESSIVE;
				CLANG_CXX_LANGUAGE_STANDARD = "gnu++14";
				CLANG_CXX_LIBRARY = "libc++";
				CLANG_ENABLE_MODULES = YES;
				CLANG_ENABLE_OBJC_ARC = YES;
				CLANG_WARN_BLOCK_CAPTURE_AUTORELEASING = YES;
				CLANG_WARN_BOOL_CONVERSION = YES;
				CLANG_WARN_COMMA = YES;
				CLANG_WARN_CONSTANT_CONVERSION = YES;
				CLANG_WARN_DIRECT_OBJC_ISA_USAGE = YES_ERROR;
				CLANG_WARN_DOCUMENTATION_COMMENTS = YES;
				CLANG_WARN_EMPTY_BODY = YES;
				CLANG_WARN_ENUM_CONVERSION = YES;
				CLANG_WARN_INFINITE_RECURSION = YES;
				CLANG_WARN_INT_CONVERSION = YES;
				CLANG_WARN_NON_LITERAL_NULL_CONVERSION = YES;
				CLANG_WARN_OBJC_LITERAL_CONVERSION = YES;
				CLANG_WARN_OBJC_ROOT_CLASS = YES_ERROR;
				CLANG_WARN_RANGE_LOOP_ANALYSIS = YES;
				CLANG_WARN_STRICT_PROTOTYPES = YES;
				CLANG_WARN_SUSPICIOUS_MOVE = YES;
				CLANG_WARN_UNGUARDED_AVAILABILITY = YES_AGGRESSIVE;
				CLANG_WARN_UNREACHABLE_CODE = YES;
				CLANG_WARN__DUPLICATE_METHOD_MATCH = YES;
				CODE_SIGN_IDENTITY = "iPhone Developer";
				COPY_PHASE_STRIP = NO;
				DEBUG_INFORMATION_FORMAT = dwarf;
				ENABLE_STRICT_OBJC_MSGSEND = YES;
				ENABLE_TESTABILITY = YES;
				GCC_C_LANGUAGE_STANDARD = gnu11;
				GCC_DYNAMIC_NO_PIC = NO;
				GCC_NO_COMMON_BLOCKS = YES;
				GCC_OPTIMIZATION_LEVEL = 0;
				GCC_PREPROCESSOR_DEFINITIONS = (
					"DEBUG=1",
					"$(inherited)",
				);
				GCC_WARN_64_TO_32_BIT_CONVERSION = YES;
				GCC_WARN_ABOUT_RETURN_TYPE = YES_ERROR;
				GCC_WARN_UNDECLARED_SELECTOR = YES;
				GCC_WARN_UNINITIALIZED_AUTOS = YES_AGGRESSIVE;
				GCC_WARN_UNUSED_FUNCTION = YES;
				GCC_WARN_UNUSED_VARIABLE = YES;
				IPHONEOS_DEPLOYMENT_TARGET = 11.2;
				MTL_ENABLE_DEBUG_INFO = YES;
				ONLY_ACTIVE_ARCH = YES;
				SDKROOT = iphoneos;
				SWIFT_ACTIVE_COMPILATION_CONDITIONS = DEBUG;
				SWIFT_OPTIMIZATION_LEVEL = "-Onone";
			};
			name = Debug;
		};
		400CAD4B205C990900DC981A /* Release */ = {
			isa = XCBuildConfiguration;
			buildSettings = {
				ALWAYS_SEARCH_USER_PATHS = NO;
				CLANG_ANALYZER_NONNULL = YES;
				CLANG_ANALYZER_NUMBER_OBJECT_CONVERSION = YES_AGGRESSIVE;
				CLANG_CXX_LANGUAGE_STANDARD = "gnu++14";
				CLANG_CXX_LIBRARY = "libc++";
				CLANG_ENABLE_MODULES = YES;
				CLANG_ENABLE_OBJC_ARC = YES;
				CLANG_WARN_BLOCK_CAPTURE_AUTORELEASING = YES;
				CLANG_WARN_BOOL_CONVERSION = YES;
				CLANG_WARN_COMMA = YES;
				CLANG_WARN_CONSTANT_CONVERSION = YES;
				CLANG_WARN_DIRECT_OBJC_ISA_USAGE = YES_ERROR;
				CLANG_WARN_DOCUMENTATION_COMMENTS = YES;
				CLANG_WARN_EMPTY_BODY = YES;
				CLANG_WARN_ENUM_CONVERSION = YES;
				CLANG_WARN_INFINITE_RECURSION = YES;
				CLANG_WARN_INT_CONVERSION = YES;
				CLANG_WARN_NON_LITERAL_NULL_CONVERSION = YES;
				CLANG_WARN_OBJC_LITERAL_CONVERSION = YES;
				CLANG_WARN_OBJC_ROOT_CLASS = YES_ERROR;
				CLANG_WARN_RANGE_LOOP_ANALYSIS = YES;
				CLANG_WARN_STRICT_PROTOTYPES = YES;
				CLANG_WARN_SUSPICIOUS_MOVE = YES;
				CLANG_WARN_UNGUARDED_AVAILABILITY = YES_AGGRESSIVE;
				CLANG_WARN_UNREACHABLE_CODE = YES;
				CLANG_WARN__DUPLICATE_METHOD_MATCH = YES;
				CODE_SIGN_IDENTITY = "iPhone Developer";
				COPY_PHASE_STRIP = NO;
				DEBUG_INFORMATION_FORMAT = "dwarf-with-dsym";
				ENABLE_NS_ASSERTIONS = NO;
				ENABLE_STRICT_OBJC_MSGSEND = YES;
				GCC_C_LANGUAGE_STANDARD = gnu11;
				GCC_NO_COMMON_BLOCKS = YES;
				GCC_WARN_64_TO_32_BIT_CONVERSION = YES;
				GCC_WARN_ABOUT_RETURN_TYPE = YES_ERROR;
				GCC_WARN_UNDECLARED_SELECTOR = YES;
				GCC_WARN_UNINITIALIZED_AUTOS = YES_AGGRESSIVE;
				GCC_WARN_UNUSED_FUNCTION = YES;
				GCC_WARN_UNUSED_VARIABLE = YES;
				IPHONEOS_DEPLOYMENT_TARGET = 11.2;
				MTL_ENABLE_DEBUG_INFO = NO;
				SDKROOT = iphoneos;
				SWIFT_OPTIMIZATION_LEVEL = "-Owholemodule";
				VALIDATE_PRODUCT = YES;
			};
			name = Release;
		};
		400CAD4D205C990900DC981A /* Debug */ = {
			isa = XCBuildConfiguration;
			baseConfigurationReference = A0777E7B612A6D9D46AC5BBB /* Pods-Shrine.debug.xcconfig */;
			buildSettings = {
				ASSETCATALOG_COMPILER_APPICON_NAME = AppIcon;
				CODE_SIGN_IDENTITY = "iPhone Developer";
				CODE_SIGN_STYLE = Automatic;
				DEVELOPMENT_TEAM = "";
				INFOPLIST_FILE = Shrine/Info.plist;
				IPHONEOS_DEPLOYMENT_TARGET = 11.2;
				LD_RUNPATH_SEARCH_PATHS = "$(inherited) @executable_path/Frameworks";
				PRODUCT_BUNDLE_IDENTIFIER = com.google.Shrine;
				PRODUCT_NAME = "$(TARGET_NAME)";
				PROVISIONING_PROFILE_SPECIFIER = "";
				SWIFT_VERSION = 4.0;
				TARGETED_DEVICE_FAMILY = "1,2";
			};
			name = Debug;
		};
		400CAD4E205C990900DC981A /* Release */ = {
			isa = XCBuildConfiguration;
			baseConfigurationReference = 21692A69FA19E55E609FEE4B /* Pods-Shrine.release.xcconfig */;
			buildSettings = {
				ASSETCATALOG_COMPILER_APPICON_NAME = AppIcon;
				CODE_SIGN_IDENTITY = "iPhone Developer";
				CODE_SIGN_STYLE = Automatic;
				DEVELOPMENT_TEAM = "";
				INFOPLIST_FILE = Shrine/Info.plist;
				IPHONEOS_DEPLOYMENT_TARGET = 11.2;
				LD_RUNPATH_SEARCH_PATHS = "$(inherited) @executable_path/Frameworks";
				PRODUCT_BUNDLE_IDENTIFIER = com.google.Shrine;
				PRODUCT_NAME = "$(TARGET_NAME)";
				PROVISIONING_PROFILE_SPECIFIER = "";
				SWIFT_VERSION = 4.0;
				TARGETED_DEVICE_FAMILY = "1,2";
			};
			name = Release;
		};
/* End XCBuildConfiguration section */

/* Begin XCConfigurationList section */
		400CAD35205C990900DC981A /* Build configuration list for PBXProject "Shrine" */ = {
			isa = XCConfigurationList;
			buildConfigurations = (
				400CAD4A205C990900DC981A /* Debug */,
				400CAD4B205C990900DC981A /* Release */,
			);
			defaultConfigurationIsVisible = 0;
			defaultConfigurationName = Release;
		};
		400CAD4C205C990900DC981A /* Build configuration list for PBXNativeTarget "Shrine" */ = {
			isa = XCConfigurationList;
			buildConfigurations = (
				400CAD4D205C990900DC981A /* Debug */,
				400CAD4E205C990900DC981A /* Release */,
			);
			defaultConfigurationIsVisible = 0;
			defaultConfigurationName = Release;
		};
/* End XCConfigurationList section */
	};
	rootObject = 400CAD32205C990900DC981A /* Project object */;
}
